// !$*UTF8*$!
{
	archiveVersion = 1;
	classes = {
	};
	objectVersion = 46;
	objects = {

/* Begin PBXFileReference section */
		055EB4811A93AEA7009ACFEC /* types.h */ = {isa = PBXFileReference; fileEncoding = 4; lastKnownFileType = sourcecode.c.h; path = types.h; sourceTree = "<group>"; };
		055EB4821A93AEA7009ACFEC /* base.h */ = {isa = PBXFileReference; fileEncoding = 4; lastKnownFileType = sourcecode.c.h; path = base.h; sourceTree = "<group>"; };
		055EB4831A93AEA7009ACFEC /* data.h */ = {isa = PBXFileReference; fileEncoding = 4; lastKnownFileType = sourcecode.c.h; path = data.h; sourceTree = "<group>"; };
		055EB4841A93AEA7009ACFEC /* group.h */ = {isa = PBXFileReference; fileEncoding = 4; lastKnownFileType = sourcecode.c.h; path = group.h; sourceTree = "<group>"; };
		055EB4851A93AEA7009ACFEC /* io.h */ = {isa = PBXFileReference; fileEncoding = 4; lastKnownFileType = sourcecode.c.h; path = io.h; sourceTree = "<group>"; };
		055EB4861A93AEA7009ACFEC /* object.h */ = {isa = PBXFileReference; fileEncoding = 4; lastKnownFileType = sourcecode.c.h; path = object.h; sourceTree = "<group>"; };
		055EB4871A93AEA7009ACFEC /* once.h */ = {isa = PBXFileReference; fileEncoding = 4; lastKnownFileType = sourcecode.c.h; path = once.h; sourceTree = "<group>"; };
		055EB4881A93AEA7009ACFEC /* queue.h */ = {isa = PBXFileReference; fileEncoding = 4; lastKnownFileType = sourcecode.c.h; path = queue.h; sourceTree = "<group>"; };
		055EB4891A93AEA7009ACFEC /* semaphore.h */ = {isa = PBXFileReference; fileEncoding = 4; lastKnownFileType = sourcecode.c.h; path = semaphore.h; sourceTree = "<group>"; };
		055EB48A1A93AEA7009ACFEC /* source.h */ = {isa = PBXFileReference; fileEncoding = 4; lastKnownFileType = sourcecode.c.h; path = source.h; sourceTree = "<group>"; };
		055EB48B1A93AEA7009ACFEC /* time.h */ = {isa = PBXFileReference; fileEncoding = 4; lastKnownFileType = sourcecode.c.h; path = time.h; sourceTree = "<group>"; };
		055EB48D1A93AEA7009ACFEC /* dispatch_block_t.h */ = {isa = PBXFileReference; fileEncoding = 4; lastKnownFileType = sourcecode.c.h; path = dispatch_block_t.h; sourceTree = "<group>"; };
		055EB48E1A93AEA7009ACFEC /* dispatch_data_applier_t.h */ = {isa = PBXFileReference; fileEncoding = 4; lastKnownFileType = sourcecode.c.h; path = dispatch_data_applier_t.h; sourceTree = "<group>"; };
		055EB48F1A93AEA7009ACFEC /* dispatch_data_t.h */ = {isa = PBXFileReference; fileEncoding = 4; lastKnownFileType = sourcecode.c.h; path = dispatch_data_t.h; sourceTree = "<group>"; };
		055EB4901A93AEA7009ACFEC /* dispatch_fd_t.h */ = {isa = PBXFileReference; fileEncoding = 4; lastKnownFileType = sourcecode.c.h; path = dispatch_fd_t.h; sourceTree = "<group>"; };
		055EB4911A93AEA7009ACFEC /* dispatch_function_t.h */ = {isa = PBXFileReference; fileEncoding = 4; lastKnownFileType = sourcecode.c.h; path = dispatch_function_t.h; sourceTree = "<group>"; };
		055EB4921A93AEA7009ACFEC /* dispatch_group_t.h */ = {isa = PBXFileReference; fileEncoding = 4; lastKnownFileType = sourcecode.c.h; path = dispatch_group_t.h; sourceTree = "<group>"; };
		055EB4931A93AEA7009ACFEC /* dispatch_io_close_flags_t.h */ = {isa = PBXFileReference; fileEncoding = 4; lastKnownFileType = sourcecode.c.h; path = dispatch_io_close_flags_t.h; sourceTree = "<group>"; };
		055EB4941A93AEA7009ACFEC /* dispatch_io_handler_t.h */ = {isa = PBXFileReference; fileEncoding = 4; lastKnownFileType = sourcecode.c.h; path = dispatch_io_handler_t.h; sourceTree = "<group>"; };
		055EB4951A93AEA7009ACFEC /* dispatch_io_interval_flags_t.h */ = {isa = PBXFileReference; fileEncoding = 4; lastKnownFileType = sourcecode.c.h; path = dispatch_io_interval_flags_t.h; sourceTree = "<group>"; };
		055EB4961A93AEA7009ACFEC /* dispatch_io_t.h */ = {isa = PBXFileReference; fileEncoding = 4; lastKnownFileType = sourcecode.c.h; path = dispatch_io_t.h; sourceTree = "<group>"; };
		055EB4971A93AEA7009ACFEC /* dispatch_io_type_t.h */ = {isa = PBXFileReference; fileEncoding = 4; lastKnownFileType = sourcecode.c.h; path = dispatch_io_type_t.h; sourceTree = "<group>"; };
		055EB4981A93AEA7009ACFEC /* dispatch_object_t.h */ = {isa = PBXFileReference; fileEncoding = 4; lastKnownFileType = sourcecode.c.h; path = dispatch_object_t.h; sourceTree = "<group>"; };
		055EB4991A93AEA7009ACFEC /* dispatch_once_t.h */ = {isa = PBXFileReference; fileEncoding = 4; lastKnownFileType = sourcecode.c.h; path = dispatch_once_t.h; sourceTree = "<group>"; };
		055EB49A1A93AEA7009ACFEC /* dispatch_queue_attr_t.h */ = {isa = PBXFileReference; fileEncoding = 4; lastKnownFileType = sourcecode.c.h; path = dispatch_queue_attr_t.h; sourceTree = "<group>"; };
		055EB49B1A93AEA7009ACFEC /* dispatch_queue_t.h */ = {isa = PBXFileReference; fileEncoding = 4; lastKnownFileType = sourcecode.c.h; path = dispatch_queue_t.h; sourceTree = "<group>"; };
		055EB49C1A93AEA7009ACFEC /* dispatch_semaphore_t.h */ = {isa = PBXFileReference; fileEncoding = 4; lastKnownFileType = sourcecode.c.h; path = dispatch_semaphore_t.h; sourceTree = "<group>"; };
		055EB49D1A93AEA7009ACFEC /* dispatch_source_t.h */ = {isa = PBXFileReference; fileEncoding = 4; lastKnownFileType = sourcecode.c.h; path = dispatch_source_t.h; sourceTree = "<group>"; };
		055EB49E1A93AEA7009ACFEC /* dispatch_source_type_t.h */ = {isa = PBXFileReference; fileEncoding = 4; lastKnownFileType = sourcecode.c.h; path = dispatch_source_type_t.h; sourceTree = "<group>"; };
		055EB49F1A93AEA7009ACFEC /* dispatch_time_t.h */ = {isa = PBXFileReference; fileEncoding = 4; lastKnownFileType = sourcecode.c.h; path = dispatch_time_t.h; sourceTree = "<group>"; };
		055EB4A01A93AEA7009ACFEC /* Makefile */ = {isa = PBXFileReference; fileEncoding = 4; lastKnownFileType = sourcecode.make; path = Makefile; sourceTree = "<group>"; };
		055EB4A11A93AEA7009ACFEC /* README.md */ = {isa = PBXFileReference; fileEncoding = 4; lastKnownFileType = net.daringfireball.markdown; path = README.md; sourceTree = "<group>"; };
		055EB4A41A93AEA7009ACFEC /* dispatch_data_apply.c */ = {isa = PBXFileReference; fileEncoding = 4; lastKnownFileType = sourcecode.c.c; path = dispatch_data_apply.c; sourceTree = "<group>"; };
		055EB4A51A93AEA7009ACFEC /* dispatch_data_copy_region.c */ = {isa = PBXFileReference; fileEncoding = 4; lastKnownFileType = sourcecode.c.c; path = dispatch_data_copy_region.c; sourceTree = "<group>"; };
		055EB4A61A93AEA7009ACFEC /* dispatch_data_create.c */ = {isa = PBXFileReference; fileEncoding = 4; lastKnownFileType = sourcecode.c.c; path = dispatch_data_create.c; sourceTree = "<group>"; };
		055EB4A71A93AEA7009ACFEC /* dispatch_data_create_concat.c */ = {isa = PBXFileReference; fileEncoding = 4; lastKnownFileType = sourcecode.c.c; path = dispatch_data_create_concat.c; sourceTree = "<group>"; };
		055EB4A81A93AEA7009ACFEC /* dispatch_data_create_map.c */ = {isa = PBXFileReference; fileEncoding = 4; lastKnownFileType = sourcecode.c.c; path = dispatch_data_create_map.c; sourceTree = "<group>"; };
		055EB4A91A93AEA7009ACFEC /* dispatch_data_create_subrange.c */ = {isa = PBXFileReference; fileEncoding = 4; lastKnownFileType = sourcecode.c.c; path = dispatch_data_create_subrange.c; sourceTree = "<group>"; };
		055EB4AA1A93AEA7009ACFEC /* dispatch_data_get_size.c */ = {isa = PBXFileReference; fileEncoding = 4; lastKnownFileType = sourcecode.c.c; path = dispatch_data_get_size.c; sourceTree = "<group>"; };
		055EB4AC1A93AEA7009ACFEC /* dispatch_group_async.c */ = {isa = PBXFileReference; fileEncoding = 4; lastKnownFileType = sourcecode.c.c; path = dispatch_group_async.c; sourceTree = "<group>"; };
		055EB4AD1A93AEA7009ACFEC /* dispatch_group_async_f.c */ = {isa = PBXFileReference; fileEncoding = 4; lastKnownFileType = sourcecode.c.c; path = dispatch_group_async_f.c; sourceTree = "<group>"; };
		055EB4AE1A93AEA7009ACFEC /* dispatch_group_create.c */ = {isa = PBXFileReference; fileEncoding = 4; lastKnownFileType = sourcecode.c.c; path = dispatch_group_create.c; sourceTree = "<group>"; };
		055EB4AF1A93AEA7009ACFEC /* dispatch_group_enter.c */ = {isa = PBXFileReference; fileEncoding = 4; lastKnownFileType = sourcecode.c.c; path = dispatch_group_enter.c; sourceTree = "<group>"; };
		055EB4B01A93AEA7009ACFEC /* dispatch_group_leave.c */ = {isa = PBXFileReference; fileEncoding = 4; lastKnownFileType = sourcecode.c.c; path = dispatch_group_leave.c; sourceTree = "<group>"; };
		055EB4B11A93AEA7009ACFEC /* dispatch_group_notify.c */ = {isa = PBXFileReference; fileEncoding = 4; lastKnownFileType = sourcecode.c.c; path = dispatch_group_notify.c; sourceTree = "<group>"; };
		055EB4B21A93AEA7009ACFEC /* dispatch_group_notify_f.c */ = {isa = PBXFileReference; fileEncoding = 4; lastKnownFileType = sourcecode.c.c; path = dispatch_group_notify_f.c; sourceTree = "<group>"; };
		055EB4B31A93AEA7009ACFEC /* dispatch_group_wait.c */ = {isa = PBXFileReference; fileEncoding = 4; lastKnownFileType = sourcecode.c.c; path = dispatch_group_wait.c; sourceTree = "<group>"; };
		055EB4B51A93AEA7009ACFEC /* dispatch_io_close.c */ = {isa = PBXFileReference; fileEncoding = 4; lastKnownFileType = sourcecode.c.c; path = dispatch_io_close.c; sourceTree = "<group>"; };
		055EB4B61A93AEA7009ACFEC /* dispatch_io_create.c */ = {isa = PBXFileReference; fileEncoding = 4; lastKnownFileType = sourcecode.c.c; path = dispatch_io_create.c; sourceTree = "<group>"; };
		055EB4B71A93AEA7009ACFEC /* dispatch_io_create_with_path.c */ = {isa = PBXFileReference; fileEncoding = 4; lastKnownFileType = sourcecode.c.c; path = dispatch_io_create_with_path.c; sourceTree = "<group>"; };
		055EB4B81A93AEA7009ACFEC /* dispatch_io_read.c */ = {isa = PBXFileReference; fileEncoding = 4; lastKnownFileType = sourcecode.c.c; path = dispatch_io_read.c; sourceTree = "<group>"; };
		055EB4B91A93AEA7009ACFEC /* dispatch_io_set_high_water.c */ = {isa = PBXFileReference; fileEncoding = 4; lastKnownFileType = sourcecode.c.c; path = dispatch_io_set_high_water.c; sourceTree = "<group>"; };
		055EB4BA1A93AEA7009ACFEC /* dispatch_io_set_interval.c */ = {isa = PBXFileReference; fileEncoding = 4; lastKnownFileType = sourcecode.c.c; path = dispatch_io_set_interval.c; sourceTree = "<group>"; };
		055EB4BB1A93AEA7009ACFEC /* dispatch_io_set_low_water.c */ = {isa = PBXFileReference; fileEncoding = 4; lastKnownFileType = sourcecode.c.c; path = dispatch_io_set_low_water.c; sourceTree = "<group>"; };
		055EB4BC1A93AEA7009ACFEC /* dispatch_io_write.c */ = {isa = PBXFileReference; fileEncoding = 4; lastKnownFileType = sourcecode.c.c; path = dispatch_io_write.c; sourceTree = "<group>"; };
		055EB4BD1A93AEA7009ACFEC /* dispatch_read.c */ = {isa = PBXFileReference; fileEncoding = 4; lastKnownFileType = sourcecode.c.c; path = dispatch_read.c; sourceTree = "<group>"; };
		055EB4BE1A93AEA7009ACFEC /* dispatch_write.c */ = {isa = PBXFileReference; fileEncoding = 4; lastKnownFileType = sourcecode.c.c; path = dispatch_write.c; sourceTree = "<group>"; };
		055EB4C01A93AEA7009ACFEC /* dispatch_debug.c */ = {isa = PBXFileReference; fileEncoding = 4; lastKnownFileType = sourcecode.c.c; path = dispatch_debug.c; sourceTree = "<group>"; };
		055EB4C11A93AEA7009ACFEC /* dispatch_get_context.c */ = {isa = PBXFileReference; fileEncoding = 4; lastKnownFileType = sourcecode.c.c; path = dispatch_get_context.c; sourceTree = "<group>"; };
		055EB4C21A93AEA7009ACFEC /* dispatch_release.c */ = {isa = PBXFileReference; fileEncoding = 4; lastKnownFileType = sourcecode.c.c; path = dispatch_release.c; sourceTree = "<group>"; };
		055EB4C31A93AEA7009ACFEC /* dispatch_resume.c */ = {isa = PBXFileReference; fileEncoding = 4; lastKnownFileType = sourcecode.c.c; path = dispatch_resume.c; sourceTree = "<group>"; };
		055EB4C41A93AEA7009ACFEC /* dispatch_retain.c */ = {isa = PBXFileReference; fileEncoding = 4; lastKnownFileType = sourcecode.c.c; path = dispatch_retain.c; sourceTree = "<group>"; };
		055EB4C51A93AEA7009ACFEC /* dispatch_set_context.c */ = {isa = PBXFileReference; fileEncoding = 4; lastKnownFileType = sourcecode.c.c; path = dispatch_set_context.c; sourceTree = "<group>"; };
		055EB4C61A93AEA7009ACFEC /* dispatch_set_finalizer_f.c */ = {isa = PBXFileReference; fileEncoding = 4; lastKnownFileType = sourcecode.c.c; path = dispatch_set_finalizer_f.c; sourceTree = "<group>"; };
		055EB4C71A93AEA7009ACFEC /* dispatch_suspend.c */ = {isa = PBXFileReference; fileEncoding = 4; lastKnownFileType = sourcecode.c.c; path = dispatch_suspend.c; sourceTree = "<group>"; };
		055EB4C91A93AEA7009ACFEC /* dispatch_once.c */ = {isa = PBXFileReference; fileEncoding = 4; lastKnownFileType = sourcecode.c.c; path = dispatch_once.c; sourceTree = "<group>"; };
		055EB4CB1A93AEA7009ACFEC /* dispatch_after.c */ = {isa = PBXFileReference; fileEncoding = 4; lastKnownFileType = sourcecode.c.c; path = dispatch_after.c; sourceTree = "<group>"; };
		055EB4CC1A93AEA7009ACFEC /* dispatch_after_f.c */ = {isa = PBXFileReference; fileEncoding = 4; lastKnownFileType = sourcecode.c.c; path = dispatch_after_f.c; sourceTree = "<group>"; };
		055EB4CD1A93AEA7009ACFEC /* dispatch_apply.c */ = {isa = PBXFileReference; fileEncoding = 4; lastKnownFileType = sourcecode.c.c; path = dispatch_apply.c; sourceTree = "<group>"; };
		055EB4CE1A93AEA7009ACFEC /* dispatch_apply_f.c */ = {isa = PBXFileReference; fileEncoding = 4; lastKnownFileType = sourcecode.c.c; path = dispatch_apply_f.c; sourceTree = "<group>"; };
		055EB4CF1A93AEA7009ACFEC /* dispatch_async.c */ = {isa = PBXFileReference; fileEncoding = 4; lastKnownFileType = sourcecode.c.c; path = dispatch_async.c; sourceTree = "<group>"; };
		055EB4D01A93AEA7009ACFEC /* dispatch_async_f.c */ = {isa = PBXFileReference; fileEncoding = 4; lastKnownFileType = sourcecode.c.c; path = dispatch_async_f.c; sourceTree = "<group>"; };
		055EB4D11A93AEA7009ACFEC /* dispatch_barrier_async.c */ = {isa = PBXFileReference; fileEncoding = 4; lastKnownFileType = sourcecode.c.c; path = dispatch_barrier_async.c; sourceTree = "<group>"; };
		055EB4D21A93AEA7009ACFEC /* dispatch_barrier_async_f.c */ = {isa = PBXFileReference; fileEncoding = 4; lastKnownFileType = sourcecode.c.c; path = dispatch_barrier_async_f.c; sourceTree = "<group>"; };
		055EB4D31A93AEA7009ACFEC /* dispatch_barrier_sync.c */ = {isa = PBXFileReference; fileEncoding = 4; lastKnownFileType = sourcecode.c.c; path = dispatch_barrier_sync.c; sourceTree = "<group>"; };
		055EB4D41A93AEA7009ACFEC /* dispatch_barrier_sync_f.c */ = {isa = PBXFileReference; fileEncoding = 4; lastKnownFileType = sourcecode.c.c; path = dispatch_barrier_sync_f.c; sourceTree = "<group>"; };
		055EB4D51A93AEA7009ACFEC /* dispatch_get_current_queue.c */ = {isa = PBXFileReference; fileEncoding = 4; lastKnownFileType = sourcecode.c.c; path = dispatch_get_current_queue.c; sourceTree = "<group>"; };
		055EB4D61A93AEA7009ACFEC /* dispatch_get_global_queue.c */ = {isa = PBXFileReference; fileEncoding = 4; lastKnownFileType = sourcecode.c.c; path = dispatch_get_global_queue.c; sourceTree = "<group>"; };
		055EB4D71A93AEA7009ACFEC /* dispatch_get_main_queue.c */ = {isa = PBXFileReference; fileEncoding = 4; lastKnownFileType = sourcecode.c.c; path = dispatch_get_main_queue.c; sourceTree = "<group>"; };
		055EB4D81A93AEA7009ACFEC /* dispatch_get_specific.c */ = {isa = PBXFileReference; fileEncoding = 4; lastKnownFileType = sourcecode.c.c; path = dispatch_get_specific.c; sourceTree = "<group>"; };
		055EB4D91A93AEA7009ACFEC /* dispatch_main.c */ = {isa = PBXFileReference; fileEncoding = 4; lastKnownFileType = sourcecode.c.c; path = dispatch_main.c; sourceTree = "<group>"; };
		055EB4DA1A93AEA7009ACFEC /* dispatch_queue_create.c */ = {isa = PBXFileReference; fileEncoding = 4; lastKnownFileType = sourcecode.c.c; path = dispatch_queue_create.c; sourceTree = "<group>"; };
		055EB4DB1A93AEA7009ACFEC /* dispatch_queue_get_label.c */ = {isa = PBXFileReference; fileEncoding = 4; lastKnownFileType = sourcecode.c.c; path = dispatch_queue_get_label.c; sourceTree = "<group>"; };
		055EB4DC1A93AEA7009ACFEC /* dispatch_queue_get_specific.c */ = {isa = PBXFileReference; fileEncoding = 4; lastKnownFileType = sourcecode.c.c; path = dispatch_queue_get_specific.c; sourceTree = "<group>"; };
		055EB4DD1A93AEA7009ACFEC /* dispatch_queue_set_specific.c */ = {isa = PBXFileReference; fileEncoding = 4; lastKnownFileType = sourcecode.c.c; path = dispatch_queue_set_specific.c; sourceTree = "<group>"; };
		055EB4DE1A93AEA7009ACFEC /* dispatch_set_target_queue.c */ = {isa = PBXFileReference; fileEncoding = 4; lastKnownFileType = sourcecode.c.c; path = dispatch_set_target_queue.c; sourceTree = "<group>"; };
		055EB4DF1A93AEA7009ACFEC /* dispatch_sync.c */ = {isa = PBXFileReference; fileEncoding = 4; lastKnownFileType = sourcecode.c.c; path = dispatch_sync.c; sourceTree = "<group>"; };
		055EB4E01A93AEA7009ACFEC /* dispatch_sync_f.c */ = {isa = PBXFileReference; fileEncoding = 4; lastKnownFileType = sourcecode.c.c; path = dispatch_sync_f.c; sourceTree = "<group>"; };
		055EB4E21A93AEA7009ACFEC /* dispatch_semaphore_create.c */ = {isa = PBXFileReference; fileEncoding = 4; lastKnownFileType = sourcecode.c.c; path = dispatch_semaphore_create.c; sourceTree = "<group>"; };
		055EB4E31A93AEA7009ACFEC /* dispatch_semaphore_signal.c */ = {isa = PBXFileReference; fileEncoding = 4; lastKnownFileType = sourcecode.c.c; path = dispatch_semaphore_signal.c; sourceTree = "<group>"; };
		055EB4E41A93AEA7009ACFEC /* dispatch_semaphore_wait.c */ = {isa = PBXFileReference; fileEncoding = 4; lastKnownFileType = sourcecode.c.c; path = dispatch_semaphore_wait.c; sourceTree = "<group>"; };
		055EB4E61A93AEA7009ACFEC /* dispatch_source_cancel.c */ = {isa = PBXFileReference; fileEncoding = 4; lastKnownFileType = sourcecode.c.c; path = dispatch_source_cancel.c; sourceTree = "<group>"; };
		055EB4E71A93AEA7009ACFEC /* dispatch_source_create.c */ = {isa = PBXFileReference; fileEncoding = 4; lastKnownFileType = sourcecode.c.c; path = dispatch_source_create.c; sourceTree = "<group>"; };
		055EB4E81A93AEA7009ACFEC /* dispatch_source_get_data.c */ = {isa = PBXFileReference; fileEncoding = 4; lastKnownFileType = sourcecode.c.c; path = dispatch_source_get_data.c; sourceTree = "<group>"; };
		055EB4E91A93AEA7009ACFEC /* dispatch_source_get_handle.c */ = {isa = PBXFileReference; fileEncoding = 4; lastKnownFileType = sourcecode.c.c; path = dispatch_source_get_handle.c; sourceTree = "<group>"; };
		055EB4EA1A93AEA7009ACFEC /* dispatch_source_get_mask.c */ = {isa = PBXFileReference; fileEncoding = 4; lastKnownFileType = sourcecode.c.c; path = dispatch_source_get_mask.c; sourceTree = "<group>"; };
		055EB4EB1A93AEA7009ACFEC /* dispatch_source_merge_data.c */ = {isa = PBXFileReference; fileEncoding = 4; lastKnownFileType = sourcecode.c.c; path = dispatch_source_merge_data.c; sourceTree = "<group>"; };
		055EB4EC1A93AEA7009ACFEC /* dispatch_source_set_cancel_handler.c */ = {isa = PBXFileReference; fileEncoding = 4; lastKnownFileType = sourcecode.c.c; path = dispatch_source_set_cancel_handler.c; sourceTree = "<group>"; };
		055EB4ED1A93AEA7009ACFEC /* dispatch_source_set_cancel_handler_f.c */ = {isa = PBXFileReference; fileEncoding = 4; lastKnownFileType = sourcecode.c.c; path = dispatch_source_set_cancel_handler_f.c; sourceTree = "<group>"; };
		055EB4EE1A93AEA7009ACFEC /* dispatch_source_set_event_handler.c */ = {isa = PBXFileReference; fileEncoding = 4; lastKnownFileType = sourcecode.c.c; path = dispatch_source_set_event_handler.c; sourceTree = "<group>"; };
		055EB4EF1A93AEA7009ACFEC /* dispatch_source_set_event_handler_f.c */ = {isa = PBXFileReference; fileEncoding = 4; lastKnownFileType = sourcecode.c.c; path = dispatch_source_set_event_handler_f.c; sourceTree = "<group>"; };
		055EB4F01A93AEA7009ACFEC /* dispatch_source_set_registration_handler.c */ = {isa = PBXFileReference; fileEncoding = 4; lastKnownFileType = sourcecode.c.c; path = dispatch_source_set_registration_handler.c; sourceTree = "<group>"; };
		055EB4F11A93AEA7009ACFEC /* dispatch_source_set_registration_handler_f.c */ = {isa = PBXFileReference; fileEncoding = 4; lastKnownFileType = sourcecode.c.c; path = dispatch_source_set_registration_handler_f.c; sourceTree = "<group>"; };
		055EB4F21A93AEA7009ACFEC /* dispatch_source_set_timer.c */ = {isa = PBXFileReference; fileEncoding = 4; lastKnownFileType = sourcecode.c.c; path = dispatch_source_set_timer.c; sourceTree = "<group>"; };
		055EB4F31A93AEA7009ACFEC /* dispatch_source_testcancel.c */ = {isa = PBXFileReference; fileEncoding = 4; lastKnownFileType = sourcecode.c.c; path = dispatch_source_testcancel.c; sourceTree = "<group>"; };
		055EB4F51A93AEA7009ACFEC /* dispatch_time.c */ = {isa = PBXFileReference; fileEncoding = 4; lastKnownFileType = sourcecode.c.c; path = dispatch_time.c; sourceTree = "<group>"; };
		055EB4F61A93AEA7009ACFEC /* dispatch_walltime.c */ = {isa = PBXFileReference; fileEncoding = 4; lastKnownFileType = sourcecode.c.c; path = dispatch_walltime.c; sourceTree = "<group>"; };
/* End PBXFileReference section */

/* Begin PBXGroup section */
		055EB47E1A93AEA7009ACFEC /* include */ = {
			isa = PBXGroup;
			children = (
				055EB47F1A93AEA7009ACFEC /* dispatch */,
			);
			path = include;
			sourceTree = "<group>";
		};
		055EB47F1A93AEA7009ACFEC /* dispatch */ = {
			isa = PBXGroup;
			children = (
				055EB4801A93AEA7009ACFEC /* __private */,
				055EB4821A93AEA7009ACFEC /* base.h */,
				055EB4831A93AEA7009ACFEC /* data.h */,
				055EB4841A93AEA7009ACFEC /* group.h */,
				055EB4851A93AEA7009ACFEC /* io.h */,
				055EB4861A93AEA7009ACFEC /* object.h */,
				055EB4871A93AEA7009ACFEC /* once.h */,
				055EB4881A93AEA7009ACFEC /* queue.h */,
				055EB4891A93AEA7009ACFEC /* semaphore.h */,
				055EB48A1A93AEA7009ACFEC /* source.h */,
				055EB48B1A93AEA7009ACFEC /* time.h */,
				055EB48C1A93AEA7009ACFEC /* types */,
			);
			path = dispatch;
			sourceTree = "<group>";
		};
		055EB4801A93AEA7009ACFEC /* __private */ = {
			isa = PBXGroup;
			children = (
				055EB4811A93AEA7009ACFEC /* types.h */,
			);
			path = __private;
			sourceTree = "<group>";
		};
		055EB48C1A93AEA7009ACFEC /* types */ = {
			isa = PBXGroup;
			children = (
				055EB48D1A93AEA7009ACFEC /* dispatch_block_t.h */,
				055EB48E1A93AEA7009ACFEC /* dispatch_data_applier_t.h */,
				055EB48F1A93AEA7009ACFEC /* dispatch_data_t.h */,
				055EB4901A93AEA7009ACFEC /* dispatch_fd_t.h */,
				055EB4911A93AEA7009ACFEC /* dispatch_function_t.h */,
				055EB4921A93AEA7009ACFEC /* dispatch_group_t.h */,
				055EB4931A93AEA7009ACFEC /* dispatch_io_close_flags_t.h */,
				055EB4941A93AEA7009ACFEC /* dispatch_io_handler_t.h */,
				055EB4951A93AEA7009ACFEC /* dispatch_io_interval_flags_t.h */,
				055EB4961A93AEA7009ACFEC /* dispatch_io_t.h */,
				055EB4971A93AEA7009ACFEC /* dispatch_io_type_t.h */,
				055EB4981A93AEA7009ACFEC /* dispatch_object_t.h */,
				055EB4991A93AEA7009ACFEC /* dispatch_once_t.h */,
				055EB49A1A93AEA7009ACFEC /* dispatch_queue_attr_t.h */,
				055EB49B1A93AEA7009ACFEC /* dispatch_queue_t.h */,
				055EB49C1A93AEA7009ACFEC /* dispatch_semaphore_t.h */,
				055EB49D1A93AEA7009ACFEC /* dispatch_source_t.h */,
				055EB49E1A93AEA7009ACFEC /* dispatch_source_type_t.h */,
				055EB49F1A93AEA7009ACFEC /* dispatch_time_t.h */,
			);
			path = types;
			sourceTree = "<group>";
		};
		055EB4A21A93AEA7009ACFEC /* source */ = {
			isa = PBXGroup;
			children = (
				055EB4A31A93AEA7009ACFEC /* data */,
				055EB4AB1A93AEA7009ACFEC /* group */,
				055EB4B41A93AEA7009ACFEC /* io */,
				055EB4BF1A93AEA7009ACFEC /* object */,
				055EB4C81A93AEA7009ACFEC /* once */,
				055EB4CA1A93AEA7009ACFEC /* queue */,
				055EB4E11A93AEA7009ACFEC /* semaphore */,
				055EB4E51A93AEA7009ACFEC /* source */,
				055EB4F41A93AEA7009ACFEC /* time */,
			);
			path = source;
			sourceTree = "<group>";
		};
		055EB4A31A93AEA7009ACFEC /* data */ = {
			isa = PBXGroup;
			children = (
				055EB4A41A93AEA7009ACFEC /* dispatch_data_apply.c */,
				055EB4A51A93AEA7009ACFEC /* dispatch_data_copy_region.c */,
				055EB4A61A93AEA7009ACFEC /* dispatch_data_create.c */,
				055EB4A71A93AEA7009ACFEC /* dispatch_data_create_concat.c */,
				055EB4A81A93AEA7009ACFEC /* dispatch_data_create_map.c */,
				055EB4A91A93AEA7009ACFEC /* dispatch_data_create_subrange.c */,
				055EB4AA1A93AEA7009ACFEC /* dispatch_data_get_size.c */,
			);
			path = data;
			sourceTree = "<group>";
		};
		055EB4AB1A93AEA7009ACFEC /* group */ = {
			isa = PBXGroup;
			children = (
				055EB4AC1A93AEA7009ACFEC /* dispatch_group_async.c */,
				055EB4AD1A93AEA7009ACFEC /* dispatch_group_async_f.c */,
				055EB4AE1A93AEA7009ACFEC /* dispatch_group_create.c */,
				055EB4AF1A93AEA7009ACFEC /* dispatch_group_enter.c */,
				055EB4B01A93AEA7009ACFEC /* dispatch_group_leave.c */,
				055EB4B11A93AEA7009ACFEC /* dispatch_group_notify.c */,
				055EB4B21A93AEA7009ACFEC /* dispatch_group_notify_f.c */,
				055EB4B31A93AEA7009ACFEC /* dispatch_group_wait.c */,
			);
			path = group;
			sourceTree = "<group>";
		};
		055EB4B41A93AEA7009ACFEC /* io */ = {
			isa = PBXGroup;
			children = (
				055EB4B51A93AEA7009ACFEC /* dispatch_io_close.c */,
				055EB4B61A93AEA7009ACFEC /* dispatch_io_create.c */,
				055EB4B71A93AEA7009ACFEC /* dispatch_io_create_with_path.c */,
				055EB4B81A93AEA7009ACFEC /* dispatch_io_read.c */,
				055EB4B91A93AEA7009ACFEC /* dispatch_io_set_high_water.c */,
				055EB4BA1A93AEA7009ACFEC /* dispatch_io_set_interval.c */,
				055EB4BB1A93AEA7009ACFEC /* dispatch_io_set_low_water.c */,
				055EB4BC1A93AEA7009ACFEC /* dispatch_io_write.c */,
				055EB4BD1A93AEA7009ACFEC /* dispatch_read.c */,
				055EB4BE1A93AEA7009ACFEC /* dispatch_write.c */,
			);
			path = io;
			sourceTree = "<group>";
		};
		055EB4BF1A93AEA7009ACFEC /* object */ = {
			isa = PBXGroup;
			children = (
				055EB4C01A93AEA7009ACFEC /* dispatch_debug.c */,
				055EB4C11A93AEA7009ACFEC /* dispatch_get_context.c */,
				055EB4C21A93AEA7009ACFEC /* dispatch_release.c */,
				055EB4C31A93AEA7009ACFEC /* dispatch_resume.c */,
				055EB4C41A93AEA7009ACFEC /* dispatch_retain.c */,
				055EB4C51A93AEA7009ACFEC /* dispatch_set_context.c */,
				055EB4C61A93AEA7009ACFEC /* dispatch_set_finalizer_f.c */,
				055EB4C71A93AEA7009ACFEC /* dispatch_suspend.c */,
			);
			path = object;
			sourceTree = "<group>";
		};
		055EB4C81A93AEA7009ACFEC /* once */ = {
			isa = PBXGroup;
			children = (
				055EB4C91A93AEA7009ACFEC /* dispatch_once.c */,
			);
			path = once;
			sourceTree = "<group>";
		};
		055EB4CA1A93AEA7009ACFEC /* queue */ = {
			isa = PBXGroup;
			children = (
				055EB4CB1A93AEA7009ACFEC /* dispatch_after.c */,
				055EB4CC1A93AEA7009ACFEC /* dispatch_after_f.c */,
				055EB4CD1A93AEA7009ACFEC /* dispatch_apply.c */,
				055EB4CE1A93AEA7009ACFEC /* dispatch_apply_f.c */,
				055EB4CF1A93AEA7009ACFEC /* dispatch_async.c */,
				055EB4D01A93AEA7009ACFEC /* dispatch_async_f.c */,
				055EB4D11A93AEA7009ACFEC /* dispatch_barrier_async.c */,
				055EB4D21A93AEA7009ACFEC /* dispatch_barrier_async_f.c */,
				055EB4D31A93AEA7009ACFEC /* dispatch_barrier_sync.c */,
				055EB4D41A93AEA7009ACFEC /* dispatch_barrier_sync_f.c */,
				055EB4D51A93AEA7009ACFEC /* dispatch_get_current_queue.c */,
				055EB4D61A93AEA7009ACFEC /* dispatch_get_global_queue.c */,
				055EB4D71A93AEA7009ACFEC /* dispatch_get_main_queue.c */,
				055EB4D81A93AEA7009ACFEC /* dispatch_get_specific.c */,
				055EB4D91A93AEA7009ACFEC /* dispatch_main.c */,
				055EB4DA1A93AEA7009ACFEC /* dispatch_queue_create.c */,
				055EB4DB1A93AEA7009ACFEC /* dispatch_queue_get_label.c */,
				055EB4DC1A93AEA7009ACFEC /* dispatch_queue_get_specific.c */,
				055EB4DD1A93AEA7009ACFEC /* dispatch_queue_set_specific.c */,
				055EB4DE1A93AEA7009ACFEC /* dispatch_set_target_queue.c */,
				055EB4DF1A93AEA7009ACFEC /* dispatch_sync.c */,
				055EB4E01A93AEA7009ACFEC /* dispatch_sync_f.c */,
			);
			path = queue;
			sourceTree = "<group>";
		};
		055EB4E11A93AEA7009ACFEC /* semaphore */ = {
			isa = PBXGroup;
			children = (
				055EB4E21A93AEA7009ACFEC /* dispatch_semaphore_create.c */,
				055EB4E31A93AEA7009ACFEC /* dispatch_semaphore_signal.c */,
				055EB4E41A93AEA7009ACFEC /* dispatch_semaphore_wait.c */,
			);
			path = semaphore;
			sourceTree = "<group>";
		};
		055EB4E51A93AEA7009ACFEC /* source */ = {
			isa = PBXGroup;
			children = (
				055EB4E61A93AEA7009ACFEC /* dispatch_source_cancel.c */,
				055EB4E71A93AEA7009ACFEC /* dispatch_source_create.c */,
				055EB4E81A93AEA7009ACFEC /* dispatch_source_get_data.c */,
				055EB4E91A93AEA7009ACFEC /* dispatch_source_get_handle.c */,
				055EB4EA1A93AEA7009ACFEC /* dispatch_source_get_mask.c */,
				055EB4EB1A93AEA7009ACFEC /* dispatch_source_merge_data.c */,
				055EB4EC1A93AEA7009ACFEC /* dispatch_source_set_cancel_handler.c */,
				055EB4ED1A93AEA7009ACFEC /* dispatch_source_set_cancel_handler_f.c */,
				055EB4EE1A93AEA7009ACFEC /* dispatch_source_set_event_handler.c */,
				055EB4EF1A93AEA7009ACFEC /* dispatch_source_set_event_handler_f.c */,
				055EB4F01A93AEA7009ACFEC /* dispatch_source_set_registration_handler.c */,
				055EB4F11A93AEA7009ACFEC /* dispatch_source_set_registration_handler_f.c */,
				055EB4F21A93AEA7009ACFEC /* dispatch_source_set_timer.c */,
				055EB4F31A93AEA7009ACFEC /* dispatch_source_testcancel.c */,
			);
			path = source;
			sourceTree = "<group>";
		};
		055EB4F41A93AEA7009ACFEC /* time */ = {
			isa = PBXGroup;
			children = (
				055EB4F51A93AEA7009ACFEC /* dispatch_time.c */,
				055EB4F61A93AEA7009ACFEC /* dispatch_walltime.c */,
			);
			path = time;
			sourceTree = "<group>";
		};
		0595BA7A17AC11A70021435A = {
			isa = PBXGroup;
			children = (
				055EB47E1A93AEA7009ACFEC /* include */,
				055EB4A01A93AEA7009ACFEC /* Makefile */,
				055EB4A11A93AEA7009ACFEC /* README.md */,
				055EB4A21A93AEA7009ACFEC /* source */,
			);
			sourceTree = "<group>";
		};
/* End PBXGroup section */

/* Begin PBXLegacyTarget section */
		0595BA7F17AC11A70021435A /* XEOS-lib-dispatch */ = {
			isa = PBXLegacyTarget;
			buildArgumentsString = "$(ACTION)";
			buildConfigurationList = 0595BA8217AC11A70021435A /* Build configuration list for PBXLegacyTarget "XEOS-lib-dispatch" */;
			buildPhases = (
			);
			buildToolPath = /usr/bin/make;
			buildWorkingDirectory = "";
			dependencies = (
			);
			name = "XEOS-lib-dispatch";
			passBuildSettingsInEnvironment = 1;
			productName = "LIB-PTHREAD";
		};
/* End PBXLegacyTarget section */

/* Begin PBXProject section */
		0595BA7B17AC11A70021435A /* Project object */ = {
			isa = PBXProject;
			attributes = {
				LastUpgradeCheck = 0630;
				ORGANIZATIONNAME = "XS-Labs";
			};
			buildConfigurationList = 0595BA7E17AC11A70021435A /* Build configuration list for PBXProject "XEOS-lib-dispatch" */;
			compatibilityVersion = "Xcode 3.2";
			developmentRegion = English;
			hasScannedForEncodings = 0;
			knownRegions = (
				en,
			);
			mainGroup = 0595BA7A17AC11A70021435A;
			projectDirPath = "";
			projectRoot = "";
			targets = (
				0595BA7F17AC11A70021435A /* XEOS-lib-dispatch */,
			);
		};
/* End PBXProject section */

/* Begin XCBuildConfiguration section */
		0595BA8117AC11A70021435A /* Release */ = {
			isa = XCBuildConfiguration;
			buildSettings = {
			};
			name = Release;
		};
		0595BA8417AC11A70021435A /* Release */ = {
			isa = XCBuildConfiguration;
			buildSettings = {
			};
			name = Release;
		};
/* End XCBuildConfiguration section */

/* Begin XCConfigurationList section */
		0595BA7E17AC11A70021435A /* Build configuration list for PBXProject "XEOS-lib-dispatch" */ = {
			isa = XCConfigurationList;
			buildConfigurations = (
				0595BA8117AC11A70021435A /* Release */,
			);
			defaultConfigurationIsVisible = 0;
			defaultConfigurationName = Release;
		};
		0595BA8217AC11A70021435A /* Build configuration list for PBXLegacyTarget "XEOS-lib-dispatch" */ = {
			isa = XCConfigurationList;
			buildConfigurations = (
				0595BA8417AC11A70021435A /* Release */,
			);
			defaultConfigurationIsVisible = 0;
			defaultConfigurationName = Release;
		};
/* End XCConfigurationList section */
	};
	rootObject = 0595BA7B17AC11A70021435A /* Project object */;
}
